
Microsoft Visual Studio Solution File, Format Version 12.00
# Visual Studio Version 17
VisualStudioVersion = 17.3.32804.467
MinimumVisualStudioVersion = 10.0.40219.1
Project("{9A19103F-16F7-4668-BE54-9A1E7A4F7556}") = "staj uygulama", "staj uygulama\staj uygulama.csproj", "{09061655-996E-432C-9E33-A58BF9A6D07B}"
EndProject
Global
	GlobalSection(SolutionConfigurationPlatforms) = preSolution
		Debug|Any CPU = Debug|Any CPU
		Release|Any CPU = Release|Any CPU
	EndGlobalSection
	GlobalSection(ProjectConfigurationPlatforms) = postSolution
		{09061655-996E-432C-9E33-A58BF9A6D07B}.Debug|Any CPU.ActiveCfg = Debug|Any CPU
		{09061655-996E-432C-9E33-A58BF9A6D07B}.Debug|Any CPU.Build.0 = Debug|Any CPU
		{09061655-996E-432C-9E33-A58BF9A6D07B}.Release|Any CPU.ActiveCfg = Release|Any CPU
		{09061655-996E-432C-9E33-A58BF9A6D07B}.Release|Any CPU.Build.0 = Release|Any CPU
	EndGlobalSection
	GlobalSection(SolutionProperties) = preSolution
		HideSolutionNode = FALSE
	EndGlobalSection
	GlobalSection(ExtensibilityGlobals) = postSolution
		SolutionGuid = {4D5124FA-E7B2-4D2D-9E2A-70946CC126CF}
	EndGlobalSection
EndGlobal
